
Microsoft Visual Studio Solution File, Format Version 12.00
# Visual Studio 15
VisualStudioVersion = 15.0.26228.9
MinimumVisualStudioVersion = 10.0.40219.1
Project("{FAE04EC0-301F-11D3-BF4B-00C04F79EFBC}") = "snake", "snake\snake.csproj", "{83D1DF48-FFCC-43A9-86C3-3AB44406D77C}"
EndProject
Global
	GlobalSection(SolutionConfigurationPlatforms) = preSolution
		Debug|Any CPU = Debug|Any CPU
		Release|Any CPU = Release|Any CPU
	EndGlobalSection
	GlobalSection(ProjectConfigurationPlatforms) = postSolution
		{83D1DF48-FFCC-43A9-86C3-3AB44406D77C}.Debug|Any CPU.ActiveCfg = Debug|Any CPU
		{83D1DF48-FFCC-43A9-86C3-3AB44406D77C}.Debug|Any CPU.Build.0 = Debug|Any CPU
		{83D1DF48-FFCC-43A9-86C3-3AB44406D77C}.Release|Any CPU.ActiveCfg = Release|Any CPU
		{83D1DF48-FFCC-43A9-86C3-3AB44406D77C}.Release|Any CPU.Build.0 = Release|Any CPU
	EndGlobalSection
	GlobalSection(SolutionProperties) = preSolution
		HideSolutionNode = FALSE
	EndGlobalSection
EndGlobal
